
Microsoft Visual Studio Solution File, Format Version 12.00
# Visual Studio Version 17
VisualStudioVersion = 17.13.35913.81 d17.13
MinimumVisualStudioVersion = 10.0.40219.1
Project("{FAE04EC0-301F-11D3-BF4B-00C04F79EFBC}") = "ConsoleBotProgramm", "ConsoleBotProgramm.csproj", "{B55E4881-7EDD-48FF-B84F-2908AD43547C}"
EndProject
Global
	GlobalSection(SolutionConfigurationPlatforms) = preSolution
		Debug|Any CPU = Debug|Any CPU
		Release|Any CPU = Release|Any CPU
	EndGlobalSection
	GlobalSection(ProjectConfigurationPlatforms) = postSolution
		{B55E4881-7EDD-48FF-B84F-2908AD43547C}.Debug|Any CPU.ActiveCfg = Debug|Any CPU
		{B55E4881-7EDD-48FF-B84F-2908AD43547C}.Debug|Any CPU.Build.0 = Debug|Any CPU
		{B55E4881-7EDD-48FF-B84F-2908AD43547C}.Release|Any CPU.ActiveCfg = Release|Any CPU
		{B55E4881-7EDD-48FF-B84F-2908AD43547C}.Release|Any CPU.Build.0 = Release|Any CPU
	EndGlobalSection
	GlobalSection(SolutionProperties) = preSolution
		HideSolutionNode = FALSE
	EndGlobalSection
	GlobalSection(ExtensibilityGlobals) = postSolution
		SolutionGuid = {21F9994F-6F84-4238-A182-58AC83385ADF}
	EndGlobalSection
EndGlobal
